// !$*UTF8*$!
{
	archiveVersion = 1;
	classes = {
	};
	objectVersion = 56;
	objects = {

/* Begin PBXBuildFile section */
		08EFBEA92A1F21BC005FDD70 /* AppDelegate.swift in Sources */ = {isa = PBXBuildFile; fileRef = 08EFBEA82A1F21BC005FDD70 /* AppDelegate.swift */; };
		08EFBEAB2A1F21BC005FDD70 /* SceneDelegate.swift in Sources */ = {isa = PBXBuildFile; fileRef = 08EFBEAA2A1F21BC005FDD70 /* SceneDelegate.swift */; };
		08EFBEAD2A1F21BC005FDD70 /* ViewController.swift in Sources */ = {isa = PBXBuildFile; fileRef = 08EFBEAC2A1F21BC005FDD70 /* ViewController.swift */; };
		08EFBEB02A1F21BC005FDD70 /* Main.storyboard in Resources */ = {isa = PBXBuildFile; fileRef = 08EFBEAE2A1F21BC005FDD70 /* Main.storyboard */; };
		08EFBEB22A1F21BE005FDD70 /* Assets.xcassets in Resources */ = {isa = PBXBuildFile; fileRef = 08EFBEB12A1F21BE005FDD70 /* Assets.xcassets */; };
		08EFBEB52A1F21BE005FDD70 /* LaunchScreen.storyboard in Resources */ = {isa = PBXBuildFile; fileRef = 08EFBEB32A1F21BE005FDD70 /* LaunchScreen.storyboard */; };
/* End PBXBuildFile section */

/* Begin PBXFileReference section */
		08EFBEA52A1F21BC005FDD70 /* dynamicTable.app */ = {isa = PBXFileReference; explicitFileType = wrapper.application; includeInIndex = 0; path = dynamicTable.app; sourceTree = BUILT_PRODUCTS_DIR; };
		08EFBEA82A1F21BC005FDD70 /* AppDelegate.swift */ = {isa = PBXFileReference; lastKnownFileType = sourcecode.swift; path = AppDelegate.swift; sourceTree = "<group>"; };
		08EFBEAA2A1F21BC005FDD70 /* SceneDelegate.swift */ = {isa = PBXFileReference; lastKnownFileType = sourcecode.swift; path = SceneDelegate.swift; sourceTree = "<group>"; };
		08EFBEAC2A1F21BC005FDD70 /* ViewController.swift */ = {isa = PBXFileReference; lastKnownFileType = sourcecode.swift; path = ViewController.swift; sourceTree = "<group>"; };
		08EFBEAF2A1F21BC005FDD70 /* Base */ = {isa = PBXFileReference; lastKnownFileType = file.storyboard; name = Base; path = Base.lproj/Main.storyboard; sourceTree = "<group>"; };
		08EFBEB12A1F21BE005FDD70 /* Assets.xcassets */ = {isa = PBXFileReference; lastKnownFileType = folder.assetcatalog; path = Assets.xcassets; sourceTree = "<group>"; };
		08EFBEB42A1F21BE005FDD70 /* Base */ = {isa = PBXFileReference; lastKnownFileType = file.storyboard; name = Base; path = Base.lproj/LaunchScreen.storyboard; sourceTree = "<group>"; };
		08EFBEB62A1F21BE005FDD70 /* Info.plist */ = {isa = PBXFileReference; lastKnownFileType = text.plist.xml; path = Info.plist; sourceTree = "<group>"; };
/* End PBXFileReference section */

/* Begin PBXFrameworksBuildPhase section */
		08EFBEA22A1F21BC005FDD70 /* Frameworks */ = {
			isa = PBXFrameworksBuildPhase;
			buildActionMask = 2147483647;
			files = (
			);
			runOnlyForDeploymentPostprocessing = 0;
		};
/* End PBXFrameworksBuildPhase section */

/* Begin PBXGroup section */
		08EFBE9C2A1F21BC005FDD70 = {
			isa = PBXGroup;
			children = (
				08EFBEA72A1F21BC005FDD70 /* dynamicTable */,
				08EFBEA62A1F21BC005FDD70 /* Products */,
			);
			sourceTree = "<group>";
		};
		08EFBEA62A1F21BC005FDD70 /* Products */ = {
			isa = PBXGroup;
			children = (
				08EFBEA52A1F21BC005FDD70 /* dynamicTable.app */,
			);
			name = Products;
			sourceTree = "<group>";
		};
		08EFBEA72A1F21BC005FDD70 /* dynamicTable */ = {
			isa = PBXGroup;
			children = (
				08EFBEA82A1F21BC005FDD70 /* AppDelegate.swift */,
				08EFBEAA2A1F21BC005FDD70 /* SceneDelegate.swift */,
				08EFBEAC2A1F21BC005FDD70 /* ViewController.swift */,
				08EFBEAE2A1F21BC005FDD70 /* Main.storyboard */,
				08EFBEB12A1F21BE005FDD70 /* Assets.xcassets */,
				08EFBEB32A1F21BE005FDD70 /* LaunchScreen.storyboard */,
				08EFBEB62A1F21BE005FDD70 /* Info.plist */,
			);
			path = dynamicTable;
			sourceTree = "<group>";
		};
/* End PBXGroup section */

/* Begin PBXNativeTarget section */
		08EFBEA42A1F21BC005FDD70 /* dynamicTable */ = {
			isa = PBXNativeTarget;
			buildConfigurationList = 08EFBEB92A1F21BE005FDD70 /* Build configuration list for PBXNativeTarget "dynamicTable" */;
			buildPhases = (
				08EFBEA12A1F21BC005FDD70 /* Sources */,
				08EFBEA22A1F21BC005FDD70 /* Frameworks */,
				08EFBEA32A1F21BC005FDD70 /* Resources */,
			);
			buildRules = (
			);
			dependencies = (
			);
			name = dynamicTable;
			productName = dynamicTable;
			productReference = 08EFBEA52A1F21BC005FDD70 /* dynamicTable.app */;
			productType = "com.apple.product-type.application";
		};
/* End PBXNativeTarget section */

/* Begin PBXProject section */
		08EFBE9D2A1F21BC005FDD70 /* Project object */ = {
			isa = PBXProject;
			attributes = {
				BuildIndependentTargetsInParallel = 1;
				LastSwiftUpdateCheck = 1430;
				LastUpgradeCheck = 1430;
				TargetAttributes = {
					08EFBEA42A1F21BC005FDD70 = {
						CreatedOnToolsVersion = 14.3;
					};
				};
			};
			buildConfigurationList = 08EFBEA02A1F21BC005FDD70 /* Build configuration list for PBXProject "dynamicTable" */;
			compatibilityVersion = "Xcode 14.0";
			developmentRegion = en;
			hasScannedForEncodings = 0;
			knownRegions = (
				en,
				Base,
			);
			mainGroup = 08EFBE9C2A1F21BC005FDD70;
			productRefGroup = 08EFBEA62A1F21BC005FDD70 /* Products */;
			projectDirPath = "";
			projectRoot = "";
			targets = (
				08EFBEA42A1F21BC005FDD70 /* dynamicTable */,
			);
		};
/* End PBXProject section */

/* Begin PBXResourcesBuildPhase section */
		08EFBEA32A1F21BC005FDD70 /* Resources */ = {
			isa = PBXResourcesBuildPhase;
			buildActionMask = 2147483647;
			files = (
				08EFBEB52A1F21BE005FDD70 /* LaunchScreen.storyboard in Resources */,
				08EFBEB22A1F21BE005FDD70 /* Assets.xcassets in Resources */,
				08EFBEB02A1F21BC005FDD70 /* Main.storyboard in Resources */,
			);
			runOnlyForDeploymentPostprocessing = 0;
		};
/* End PBXResourcesBuildPhase section */

/* Begin PBXSourcesBuildPhase section */
		08EFBEA12A1F21BC005FDD70 /* Sources */ = {
			isa = PBXSourcesBuildPhase;
			buildActionMask = 2147483647;
			files = (
				08EFBEAD2A1F21BC005FDD70 /* ViewController.swift in Sources */,
				08EFBEA92A1F21BC005FDD70 /* AppDelegate.swift in Sources */,
				08EFBEAB2A1F21BC005FDD70 /* SceneDelegate.swift in Sources */,
			);
			runOnlyForDeploymentPostprocessing = 0;
		};
/* End PBXSourcesBuildPhase section */

/* Begin PBXVariantGroup section */
		08EFBEAE2A1F21BC005FDD70 /* Main.storyboard */ = {
			isa = PBXVariantGroup;
			children = (
				08EFBEAF2A1F21BC005FDD70 /* Base */,
			);
			name = Main.storyboard;
			sourceTree = "<group>";
		};
		08EFBEB32A1F21BE005FDD70 /* LaunchScreen.storyboard */ = {
			isa = PBXVariantGroup;
			children = (
				08EFBEB42A1F21BE005FDD70 /* Base */,
			);
			name = LaunchScreen.storyboard;
			sourceTree = "<group>";
		};
/* End PBXVariantGroup section */

/* Begin XCBuildConfiguration section */
		08EFBEB72A1F21BE005FDD70 /* Debug */ = {
			isa = XCBuildConfiguration;
			buildSettings = {
				ALWAYS_SEARCH_USER_PATHS = NO;
				CLANG_ANALYZER_NONNULL = YES;
				CLANG_ANALYZER_NUMBER_OBJECT_CONVERSION = YES_AGGRESSIVE;
				CLANG_CXX_LANGUAGE_STANDARD = "gnu++20";
				CLANG_ENABLE_MODULES = YES;
				CLANG_ENABLE_OBJC_ARC = YES;
				CLANG_ENABLE_OBJC_WEAK = YES;
				CLANG_WARN_BLOCK_CAPTURE_AUTORELEASING = YES;
				CLANG_WARN_BOOL_CONVERSION = YES;
				CLANG_WARN_COMMA = YES;
				CLANG_WARN_CONSTANT_CONVERSION = YES;
				CLANG_WARN_DEPRECATED_OBJC_IMPLEMENTATIONS = YES;
				CLANG_WARN_DIRECT_OBJC_ISA_USAGE = YES_ERROR;
				CLANG_WARN_DOCUMENTATION_COMMENTS = YES;
				CLANG_WARN_EMPTY_BODY = YES;
				CLANG_WARN_ENUM_CONVERSION = YES;
				CLANG_WARN_INFINITE_RECURSION = YES;
				CLANG_WARN_INT_CONVERSION = YES;
				CLANG_WARN_NON_LITERAL_NULL_CONVERSION = YES;
				CLANG_WARN_OBJC_IMPLICIT_RETAIN_SELF = YES;
				CLANG_WARN_OBJC_LITERAL_CONVERSION = YES;
				CLANG_WARN_OBJC_ROOT_CLASS = YES_ERROR;
				CLANG_WARN_QUOTED_INCLUDE_IN_FRAMEWORK_HEADER = YES;
				CLANG_WARN_RANGE_LOOP_ANALYSIS = YES;
				CLANG_WARN_STRICT_PROTOTYPES = YES;
				CLANG_WARN_SUSPICIOUS_MOVE = YES;
				CLANG_WARN_UNGUARDED_AVAILABILITY = YES_AGGRESSIVE;
				CLANG_WARN_UNREACHABLE_CODE = YES;
				CLANG_WARN__DUPLICATE_METHOD_MATCH = YES;
				COPY_PHASE_STRIP = NO;
				DEBUG_INFORMATION_FORMAT = dwarf;
				ENABLE_STRICT_OBJC_MSGSEND = YES;
				ENABLE_TESTABILITY = YES;
				GCC_C_LANGUAGE_STANDARD = gnu11;
				GCC_DYNAMIC_NO_PIC = NO;
				GCC_NO_COMMON_BLOCKS = YES;
				GCC_OPTIMIZATION_LEVEL = 0;
				GCC_PREPROCESSOR_DEFINITIONS = (
					"DEBUG=1",
					"$(inherited)",
				);
				GCC_WARN_64_TO_32_BIT_CONVERSION = YES;
				GCC_WARN_ABOUT_RETURN_TYPE = YES_ERROR;
				GCC_WARN_UNDECLARED_SELECTOR = YES;
				GCC_WARN_UNINITIALIZED_AUTOS = YES_AGGRESSIVE;
				GCC_WARN_UNUSED_FUNCTION = YES;
				GCC_WARN_UNUSED_VARIABLE = YES;
				IPHONEOS_DEPLOYMENT_TARGET = 16.4;
				MTL_ENABLE_DEBUG_INFO = INCLUDE_SOURCE;
				MTL_FAST_MATH = YES;
				ONLY_ACTIVE_ARCH = YES;
				SDKROOT = iphoneos;
				SWIFT_ACTIVE_COMPILATION_CONDITIONS = DEBUG;
				SWIFT_OPTIMIZATION_LEVEL = "-Onone";
			};
			name = Debug;
		};
		08EFBEB82A1F21BE005FDD70 /* Release */ = {
			isa = XCBuildConfiguration;
			buildSettings = {
				ALWAYS_SEARCH_USER_PATHS = NO;
				CLANG_ANALYZER_NONNULL = YES;
				CLANG_ANALYZER_NUMBER_OBJECT_CONVERSION = YES_AGGRESSIVE;
				CLANG_CXX_LANGUAGE_STANDARD = "gnu++20";
				CLANG_ENABLE_MODULES = YES;
				CLANG_ENABLE_OBJC_ARC = YES;
				CLANG_ENABLE_OBJC_WEAK = YES;
				CLANG_WARN_BLOCK_CAPTURE_AUTORELEASING = YES;
				CLANG_WARN_BOOL_CONVERSION = YES;
				CLANG_WARN_COMMA = YES;
				CLANG_WARN_CONSTANT_CONVERSION = YES;
				CLANG_WARN_DEPRECATED_OBJC_IMPLEMENTATIONS = YES;
				CLANG_WARN_DIRECT_OBJC_ISA_USAGE = YES_ERROR;
				CLANG_WARN_DOCUMENTATION_COMMENTS = YES;
				CLANG_WARN_EMPTY_BODY = YES;
				CLANG_WARN_ENUM_CONVERSION = YES;
				CLANG_WARN_INFINITE_RECURSION = YES;
				CLANG_WARN_INT_CONVERSION = YES;
				CLANG_WARN_NON_LITERAL_NULL_CONVERSION = YES;
				CLANG_WARN_OBJC_IMPLICIT_RETAIN_SELF = YES;
				CLANG_WARN_OBJC_LITERAL_CONVERSION = YES;
				CLANG_WARN_OBJC_ROOT_CLASS = YES_ERROR;
				CLANG_WARN_QUOTED_INCLUDE_IN_FRAMEWORK_HEADER = YES;
				CLANG_WARN_RANGE_LOOP_ANALYSIS = YES;
				CLANG_WARN_STRICT_PROTOTYPES = YES;
				CLANG_WARN_SUSPICIOUS_MOVE = YES;
				CLANG_WARN_UNGUARDED_AVAILABILITY = YES_AGGRESSIVE;
				CLANG_WARN_UNREACHABLE_CODE = YES;
				CLANG_WARN__DUPLICATE_METHOD_MATCH = YES;
				COPY_PHASE_STRIP = NO;
				DEBUG_INFORMATION_FORMAT = "dwarf-with-dsym";
				ENABLE_NS_ASSERTIONS = NO;
				ENABLE_STRICT_OBJC_MSGSEND = YES;
				GCC_C_LANGUAGE_STANDARD = gnu11;
				GCC_NO_COMMON_BLOCKS = YES;
				GCC_WARN_64_TO_32_BIT_CONVERSION = YES;
				GCC_WARN_ABOUT_RETURN_TYPE = YES_ERROR;
				GCC_WARN_UNDECLARED_SELECTOR = YES;
				GCC_WARN_UNINITIALIZED_AUTOS = YES_AGGRESSIVE;
				GCC_WARN_UNUSED_FUNCTION = YES;
				GCC_WARN_UNUSED_VARIABLE = YES;
				IPHONEOS_DEPLOYMENT_TARGET = 16.4;
				MTL_ENABLE_DEBUG_INFO = NO;
				MTL_FAST_MATH = YES;
				SDKROOT = iphoneos;
				SWIFT_COMPILATION_MODE = wholemodule;
				SWIFT_OPTIMIZATION_LEVEL = "-O";
				VALIDATE_PRODUCT = YES;
			};
			name = Release;
		};
		08EFBEBA2A1F21BE005FDD70 /* Debug */ = {
			isa = XCBuildConfiguration;
			buildSettings = {
				ASSETCATALOG_COMPILER_APPICON_NAME = AppIcon;
				ASSETCATALOG_COMPILER_GLOBAL_ACCENT_COLOR_NAME = AccentColor;
				CODE_SIGN_STYLE = Automatic;
				CURRENT_PROJECT_VERSION = 1;
				DEVELOPMENT_TEAM = XK3J5PZ3MQ;
				GENERATE_INFOPLIST_FILE = YES;
				INFOPLIST_FILE = dynamicTable/Info.plist;
				INFOPLIST_KEY_UIApplicationSupportsIndirectInputEvents = YES;
				INFOPLIST_KEY_UILaunchStoryboardName = LaunchScreen;
				INFOPLIST_KEY_UIMainStoryboardFile = Main;
				INFOPLIST_KEY_UISupportedInterfaceOrientations_iPad = "UIInterfaceOrientationPortrait UIInterfaceOrientationPortraitUpsideDown UIInterfaceOrientationLandscapeLeft UIInterfaceOrientationLandscapeRight";
				INFOPLIST_KEY_UISupportedInterfaceOrientations_iPhone = "UIInterfaceOrientationPortrait UIInterfaceOrientationLandscapeLeft UIInterfaceOrientationLandscapeRight";
				LD_RUNPATH_SEARCH_PATHS = (
					"$(inherited)",
					"@executable_path/Frameworks",
				);
				MARKETING_VERSION = 1.0;
				PRODUCT_BUNDLE_IDENTIFIER = example.com.dynamicTable;
				PRODUCT_NAME = "$(TARGET_NAME)";
				SWIFT_EMIT_LOC_STRINGS = YES;
				SWIFT_VERSION = 5.0;
				TARGETED_DEVICE_FAMILY = "1,2";
			};
			name = Debug;
		};
		08EFBEBB2A1F21BE005FDD70 /* Release */ = {
			isa = XCBuildConfiguration;
			buildSettings = {
				ASSETCATALOG_COMPILER_APPICON_NAME = AppIcon;
				ASSETCATALOG_COMPILER_GLOBAL_ACCENT_COLOR_NAME = AccentColor;
				CODE_SIGN_STYLE = Automatic;
				CURRENT_PROJECT_VERSION = 1;
				DEVELOPMENT_TEAM = XK3J5PZ3MQ;
				GENERATE_INFOPLIST_FILE = YES;
				INFOPLIST_FILE = dynamicTable/Info.plist;
				INFOPLIST_KEY_UIApplicationSupportsIndirectInputEvents = YES;
				INFOPLIST_KEY_UILaunchStoryboardName = LaunchScreen;
				INFOPLIST_KEY_UIMainStoryboardFile = Main;
				INFOPLIST_KEY_UISupportedInterfaceOrientations_iPad = "UIInterfaceOrientationPortrait UIInterfaceOrientationPortraitUpsideDown UIInterfaceOrientationLandscapeLeft UIInterfaceOrientationLandscapeRight";
				INFOPLIST_KEY_UISupportedInterfaceOrientations_iPhone = "UIInterfaceOrientationPortrait UIInterfaceOrientationLandscapeLeft UIInterfaceOrientationLandscapeRight";
				LD_RUNPATH_SEARCH_PATHS = (
					"$(inherited)",
					"@executable_path/Frameworks",
				);
				MARKETING_VERSION = 1.0;
				PRODUCT_BUNDLE_IDENTIFIER = example.com.dynamicTable;
				PRODUCT_NAME = "$(TARGET_NAME)";
				SWIFT_EMIT_LOC_STRINGS = YES;
				SWIFT_VERSION = 5.0;
				TARGETED_DEVICE_FAMILY = "1,2";
			};
			name = Release;
		};
/* End XCBuildConfiguration section */

/* Begin XCConfigurationList section */
		08EFBEA02A1F21BC005FDD70 /* Build configuration list for PBXProject "dynamicTable" */ = {
			isa = XCConfigurationList;
			buildConfigurations = (
				08EFBEB72A1F21BE005FDD70 /* Debug */,
				08EFBEB82A1F21BE005FDD70 /* Release */,
			);
			defaultConfigurationIsVisible = 0;
			defaultConfigurationName = Release;
		};
		08EFBEB92A1F21BE005FDD70 /* Build configuration list for PBXNativeTarget "dynamicTable" */ = {
			isa = XCConfigurationList;
			buildConfigurations = (
				08EFBEBA2A1F21BE005FDD70 /* Debug */,
				08EFBEBB2A1F21BE005FDD70 /* Release */,
			);
			defaultConfigurationIsVisible = 0;
			defaultConfigurationName = Release;
		};
/* End XCConfigurationList section */
	};
	rootObject = 08EFBE9D2A1F21BC005FDD70 /* Project object */;
}
